schema: '2.0'
stages:
  prepare:
    cmd: python3 main.py --dataset NASA-MSL --batch_size 512 --window_size 100 --model
      GAN --epochs 10 --hidden_size 128 --prediction_length 1 --num_layers 3 --learning_rate
      0.001 --stage prepare
    deps:
    - path: benchmark/data_module.py
      hash: md5
      md5: 5ef4242d47865d7a7a6a3ba774e6922e
      size: 5063
    params:
      params.yaml:
        prepare:
          dataset: NASA-MSL
          batch_size: 512
          window_size: 100
    outs:
    - path: data
      hash: md5
      md5: 766ef5089d137607aba9d47d5fc43b2b.dir
      size: 2955621
      nfiles: 81
  train:
    cmd: python3 main.py --dataset NASA-MSL --batch_size 512 --window_size 100 --model
      GAN --epochs 10 --hidden_size 128 --prediction_length 1 --num_layers 3 --learning_rate
      0.001 --stage train
    deps:
    - path: benchmark/train_module.py
      hash: md5
      md5: cc68363fc0ec03d0e097cd9df1ce45e6
      size: 2810
    - path: data
      hash: md5
      md5: 766ef5089d137607aba9d47d5fc43b2b.dir
      size: 2955621
      nfiles: 81
    params:
      params.yaml:
        train:
          model: GAN
          epochs: 10
          hidden_size: 128
          prediction_length: 1
          num_layers: 3
          learning_rate: 0.001
    outs:
    - path: model
      hash: md5
      md5: f6617ba6464293d670a0ef49d6fabb4b
      size: 428518
  test:
    cmd: python3 main.py --dataset NASA-MSL --batch_size 512 --window_size 100 --model
      GAN --epochs 10 --hidden_size 128 --prediction_length 1 --num_layers 3 --learning_rate
      0.001 --stage test
    deps:
    - path: benchmark/test_module.py
      hash: md5
      md5: 3f3619e1bc234f2d65fb20252bd7c2c0
      size: 5134
    - path: model
      hash: md5
      md5: f6617ba6464293d670a0ef49d6fabb4b
      size: 428518
    outs:
    - path: output/confusion
      hash: md5
      md5: cded9d25d804206dee1d5549fe62cb06.dir
      size: 3084
      nfiles: 1
  evaluate:
    cmd: python3 main.py --dataset NASA-MSL --batch_size 512 --window_size 100 --model
      GAN --epochs 10 --hidden_size 128 --prediction_length 1 --num_layers 3 --learning_rate
      0.001 --stage evaluate
    deps:
    - path: benchmark/eval_module.py
      hash: md5
      md5: dd2fb957b26426032e1e7800b46e97a9
      size: 6242
    - path: output/confusion
      hash: md5
      md5: cded9d25d804206dee1d5549fe62cb06.dir
      size: 3084
      nfiles: 1
    outs:
    - path: output/metrics/confusion_matrix.png
      hash: md5
      md5: e557b18a3ec9899d5845f5b325ce4700
      size: 22961
    - path: output/metrics/metrics.json
      hash: md5
      md5: 9a8c0fce8e34f7c6661f1a96ab33ecd4
      size: 218
