schema: '2.0'
stages:
  prepare:
    cmd: python3 main.py --dataset NASA-MSL --batch_size 512 --window_size 100 --model
      GAN --epochs 10 --hidden_size 128 --prediction_length 1 --num_layers 3 --learning_rate
      0.001 --stage prepare
    deps:
    - path: benchmark/data_module.py
      hash: md5
      md5: 5ef4242d47865d7a7a6a3ba774e6922e
      size: 5063
    params:
      params.yaml:
        prepare:
          dataset: NASA-MSL
          batch_size: 512
          window_size: 100
    outs:
    - path: data
      hash: md5
      md5: 766ef5089d137607aba9d47d5fc43b2b.dir
      size: 2955621
      nfiles: 81
  train:
    cmd: python3 main.py --dataset NASA-MSL --batch_size 512 --window_size 100 --model
      GAN --epochs 10 --hidden_size 128 --prediction_length 1 --num_layers 3 --learning_rate
      0.001 --stage train
    deps:
    - path: benchmark/train_module.py
      hash: md5
      md5: 01f6f5eaaa356d672c66fb3a0d167a38
      size: 2725
    - path: data
      hash: md5
      md5: 766ef5089d137607aba9d47d5fc43b2b.dir
      size: 2955621
      nfiles: 81
    params:
      params.yaml:
        train:
          model: GAN
          epochs: 10
          hidden_size: 128
          prediction_length: 1
          num_layers: 3
          learning_rate: 0.001
    outs:
    - path: output/models
      hash: md5
      md5: 0fd45feb007c51914ab8b1e72b314ee1.dir
      size: 11471506
      nfiles: 27
  test:
    cmd: python3 main.py --dataset NASA-MSL --batch_size 512 --window_size 100 --model
      GAN --epochs 10 --hidden_size 128 --prediction_length 1 --num_layers 3 --learning_rate
      0.001 --stage test
    deps:
    - path: benchmark/test_module.py
      hash: md5
      md5: 034884e16c515c96db5bf53089ad281e
      size: 5631
    - path: output/models
      hash: md5
      md5: 0fd45feb007c51914ab8b1e72b314ee1.dir
      size: 11471506
      nfiles: 27
    outs:
    - path: output/confusion
      hash: md5
      md5: 5e52b2b0ca951eee1e6b70024e4f753b.dir
      size: 3084
      nfiles: 1
  evaluate:
    cmd: python3 main.py --dataset NASA-MSL --batch_size 512 --window_size 100 --model
      GAN --epochs 10 --hidden_size 128 --prediction_length 1 --num_layers 3 --learning_rate
      0.001 --stage evaluate
    deps:
    - path: benchmark/eval_module.py
      hash: md5
      md5: dd2fb957b26426032e1e7800b46e97a9
      size: 6242
    - path: output/confusion
      hash: md5
      md5: 5e52b2b0ca951eee1e6b70024e4f753b.dir
      size: 3084
      nfiles: 1
    outs:
    - path: output/metrics/confusion_matrix.png
      hash: md5
      md5: 9d0e3ba754745470c049ebbe72bd0cf6
      size: 23489
    - path: output/metrics/metrics.json
      hash: md5
      md5: 1e6b7fa744184683663ca74bfd8c71eb
      size: 216
