schema: '2.0'
stages:
  prepare:
    cmd: python3 main.py --dataset NASA-MSL --batch_size 512 --window_size 100 --model
      GAN --epochs 10 --hidden_size 128 --prediction_length 1 --num_layers 3 --learning_rate
      0.001 --stage prepare
    deps:
    - path: benchmark/data_module.py
      hash: md5
      md5: 5ef4242d47865d7a7a6a3ba774e6922e
      size: 5063
    params:
      params.yaml:
        prepare:
          dataset: NASA-MSL
          batch_size: 512
          window_size: 100
    outs:
    - path: data
      hash: md5
      md5: 766ef5089d137607aba9d47d5fc43b2b.dir
      size: 2955621
      nfiles: 81
  train:
    cmd: python3 main.py --dataset NASA-MSL --batch_size 512 --window_size 100 --model
      GAN --epochs 10 --hidden_size 128 --prediction_length 1 --num_layers 3 --learning_rate
      0.001 --stage train
    deps:
    - path: benchmark/train_module.py
      hash: md5
      md5: 29375b718d7898575a0b6afc99d0cbb3
      size: 2828
    - path: data
      hash: md5
      md5: 766ef5089d137607aba9d47d5fc43b2b.dir
      size: 2955621
      nfiles: 81
    params:
      params.yaml:
        train:
          model: GAN
          epochs: 10
          hidden_size: 128
          prediction_length: 1
          num_layers: 3
          learning_rate: 0.001
    outs:
    - path: output/models
      hash: md5
      md5: b951a2b20fe207e3f39401e7f5832ee9.dir
      size: 489282
      nfiles: 1
  test:
    cmd: python3 main.py --dataset NASA-MSL --batch_size 512 --window_size 100 --model
      GAN --epochs 10 --hidden_size 128 --prediction_length 1 --num_layers 3 --learning_rate
      0.001 --stage test
    deps:
    - path: benchmark/test_module.py
      hash: md5
      md5: 02aeec7b986fc4886a4aa0dbc6c14792
      size: 5544
    - path: output/models
      hash: md5
      md5: b951a2b20fe207e3f39401e7f5832ee9.dir
      size: 489282
      nfiles: 1
    outs:
    - path: output/confusion
      hash: md5
      md5: b62f655b5a9dadad8386d098ef58c6f5.dir
      size: 3084
      nfiles: 1
  evaluate:
    cmd: python3 main.py --dataset NASA-MSL --batch_size 512 --window_size 100 --model
      GAN --epochs 10 --hidden_size 128 --prediction_length 1 --num_layers 3 --learning_rate
      0.001 --stage evaluate
    deps:
    - path: benchmark/eval_module.py
      hash: md5
      md5: dd2fb957b26426032e1e7800b46e97a9
      size: 6242
    - path: output/confusion
      hash: md5
      md5: b62f655b5a9dadad8386d098ef58c6f5.dir
      size: 3084
      nfiles: 1
    outs:
    - path: output/metrics/confusion_matrix.png
      hash: md5
      md5: f2a4353172bc7ca223f74f49ed283998
      size: 22679
    - path: output/metrics/metrics.json
      hash: md5
      md5: a8e967e5eec8a3361de3b6577e73c98c
      size: 218
